
Microsoft Visual Studio Solution File, Format Version 12.00
# Visual Studio 2015
Project("{FAE04EC0-301F-11D3-BF4B-00C04F79EFBC}") = "UnityTanks.Plugins", "UnityTanks.Plugins.csproj", "{9DF59E32-C8E2-4FE4-85C6-D7E5C9BDAE93}"
EndProject
Project("{FAE04EC0-301F-11D3-BF4B-00C04F79EFBC}") = "UnityTanks", "UnityTanks.csproj", "{C7036703-4EF0-38FD-A26A-F87A26571B38}"
EndProject
Project("{FAE04EC0-301F-11D3-BF4B-00C04F79EFBC}") = "UnityTanks.Editor", "UnityTanks.Editor.csproj", "{26F87729-3CE7-E92E-9ED1-134D9CACE692}"
EndProject
Global
	GlobalSection(SolutionConfigurationPlatforms) = preSolution
		Debug|Any CPU = Debug|Any CPU
		Release|Any CPU = Release|Any CPU
	EndGlobalSection
	GlobalSection(ProjectConfigurationPlatforms) = postSolution
		{9DF59E32-C8E2-4FE4-85C6-D7E5C9BDAE93}.Debug|Any CPU.ActiveCfg = Debug|Any CPU
		{9DF59E32-C8E2-4FE4-85C6-D7E5C9BDAE93}.Debug|Any CPU.Build.0 = Debug|Any CPU
		{9DF59E32-C8E2-4FE4-85C6-D7E5C9BDAE93}.Release|Any CPU.ActiveCfg = Release|Any CPU
		{9DF59E32-C8E2-4FE4-85C6-D7E5C9BDAE93}.Release|Any CPU.Build.0 = Release|Any CPU
		{C7036703-4EF0-38FD-A26A-F87A26571B38}.Debug|Any CPU.ActiveCfg = Debug|Any CPU
		{C7036703-4EF0-38FD-A26A-F87A26571B38}.Debug|Any CPU.Build.0 = Debug|Any CPU
		{C7036703-4EF0-38FD-A26A-F87A26571B38}.Release|Any CPU.ActiveCfg = Release|Any CPU
		{C7036703-4EF0-38FD-A26A-F87A26571B38}.Release|Any CPU.Build.0 = Release|Any CPU
		{26F87729-3CE7-E92E-9ED1-134D9CACE692}.Debug|Any CPU.ActiveCfg = Debug|Any CPU
		{26F87729-3CE7-E92E-9ED1-134D9CACE692}.Debug|Any CPU.Build.0 = Debug|Any CPU
		{26F87729-3CE7-E92E-9ED1-134D9CACE692}.Release|Any CPU.ActiveCfg = Release|Any CPU
		{26F87729-3CE7-E92E-9ED1-134D9CACE692}.Release|Any CPU.Build.0 = Release|Any CPU
	EndGlobalSection
	GlobalSection(SolutionProperties) = preSolution
		HideSolutionNode = FALSE
	EndGlobalSection
EndGlobal
